{
  "version": 4,
  "terraform_version": "0.13.3",
  "serial": 12,
  "lineage": "dc7a67d6-9cd5-a3c0-e155-83707a95aaf5",
  "outputs": {},
  "resources": [
    {
      "mode": "managed",
      "type": "digitalocean_droplet",
      "name": "jenkins",
      "provider": "provider[\"registry.terraform.io/digitalocean/digitalocean\"]",
      "instances": [
        {
          "schema_version": 1,
          "attributes": {
            "backups": false,
            "created_at": "2021-05-04T19:50:36Z",
            "disk": 25,
            "id": "244605886",
            "image": "ubuntu-18-04-x64",
            "ipv4_address": "178.62.237.24",
            "ipv4_address_private": "10.133.0.2",
            "ipv6": false,
            "ipv6_address": "",
            "locked": false,
            "memory": 1024,
            "monitoring": false,
            "name": "jenkins",
            "price_hourly": 0.00744,
            "price_monthly": 5,
            "private_networking": true,
            "region": "ams3",
            "resize_disk": true,
            "size": "s-1vcpu-1gb",
            "ssh_keys": [
              "2a:d4:5b:1d:a9:75:fa:f7:7c:42:2b:38:22:df:96:1c"
            ],
            "status": "active",
            "tags": null,
            "urn": "do:droplet:244605886",
            "user_data": null,
            "vcpus": 1,
            "volume_ids": [],
            "vpc_uuid": "b7f18742-dc83-11e8-a3da-3cfdfea9f0d8"
          },
          "private": "eyJzY2hlbWFfdmVyc2lvbiI6IjEifQ==",
          "dependencies": [
            "digitalocean_ssh_key.home2"
          ]
        }
      ]
    },
    {
      "mode": "managed",
      "type": "digitalocean_ssh_key",
      "name": "home2",
      "provider": "provider[\"registry.terraform.io/digitalocean/digitalocean\"]",
      "instances": [
        {
          "schema_version": 0,
          "attributes": {
            "fingerprint": "2a:d4:5b:1d:a9:75:fa:f7:7c:42:2b:38:22:df:96:1c",
            "id": "30230164",
            "name": "home2",
            "public_key": "ssh-rsa AAAAB3NzaC1yc2EAAAADAQABAAABAQC9JojA2lWHFLwBx47nkKdECKm3a6MWysdkdcj2I4FLqJQ3EhGR/Xoi6IKE2jrVC91iVnMZjvC4aBOyDBMGgobgOjIL8XJi8Rne9VbzskuNLhuXORV/5fUWDq/UDO3Ne/b6iviN22Jn3p0yG5hSQAITmZAZXrFFe43vSBaPwtd377IRBxaHAm3BrJ6Spc8+V47guQCPgIIY5JMlec5eN/oS7k2hvrKUSeuMxDVjL+U0WbfltRVgH8I3sBhjcoFB3j9jkNFwRDxwAV4E5bU/C1hXiHpPTiDpCyXnVuVEiTcF7Mf1bRqBrwBToRgJ8nkPXRr1oD0pTZJRvFstCOYp2HkF chief@chief-300V3A-300V4A-300V5A"
          },
          "private": "bnVsbA=="
        }
      ]
    }
  ]
}
